
Microsoft Visual Studio Solution File, Format Version 12.00
# Visual Studio Version 17
VisualStudioVersion = 17.11.35312.102
MinimumVisualStudioVersion = 10.0.40219.1
Project("{FAE04EC0-301F-11D3-BF4B-00C04F79EFBC}") = "Domain", "Domain\Domain.csproj", "{A0785FC3-46CE-4E86-BB87-353651C32B17}"
EndProject
Project("{FAE04EC0-301F-11D3-BF4B-00C04F79EFBC}") = "DbComtext", "DbComtext\DbComtext.csproj", "{B2D62F79-54CB-460D-BC33-EB5BFECE1FF3}"
EndProject
Project("{FAE04EC0-301F-11D3-BF4B-00C04F79EFBC}") = "Api", "Api\Api.csproj", "{BFEA7F05-6EB7-467F-B0C5-074C7FF7E591}"
EndProject
Project("{2150E333-8FDC-42A3-9474-1A3956D46DE8}") = "Solution Items", "Solution Items", "{07E74EC8-2F09-41AD-A1A5-0AC5D8B8F075}"
	ProjectSection(SolutionItems) = preProject
		.editorconfig = .editorconfig
	EndProjectSection
EndProject
Global
	GlobalSection(SolutionConfigurationPlatforms) = preSolution
		Debug|Any CPU = Debug|Any CPU
		Release|Any CPU = Release|Any CPU
	EndGlobalSection
	GlobalSection(ProjectConfigurationPlatforms) = postSolution
		{A0785FC3-46CE-4E86-BB87-353651C32B17}.Debug|Any CPU.ActiveCfg = Debug|Any CPU
		{A0785FC3-46CE-4E86-BB87-353651C32B17}.Debug|Any CPU.Build.0 = Debug|Any CPU
		{A0785FC3-46CE-4E86-BB87-353651C32B17}.Release|Any CPU.ActiveCfg = Release|Any CPU
		{A0785FC3-46CE-4E86-BB87-353651C32B17}.Release|Any CPU.Build.0 = Release|Any CPU
		{B2D62F79-54CB-460D-BC33-EB5BFECE1FF3}.Debug|Any CPU.ActiveCfg = Debug|Any CPU
		{B2D62F79-54CB-460D-BC33-EB5BFECE1FF3}.Debug|Any CPU.Build.0 = Debug|Any CPU
		{B2D62F79-54CB-460D-BC33-EB5BFECE1FF3}.Release|Any CPU.ActiveCfg = Release|Any CPU
		{B2D62F79-54CB-460D-BC33-EB5BFECE1FF3}.Release|Any CPU.Build.0 = Release|Any CPU
		{BFEA7F05-6EB7-467F-B0C5-074C7FF7E591}.Debug|Any CPU.ActiveCfg = Debug|Any CPU
		{BFEA7F05-6EB7-467F-B0C5-074C7FF7E591}.Debug|Any CPU.Build.0 = Debug|Any CPU
		{BFEA7F05-6EB7-467F-B0C5-074C7FF7E591}.Release|Any CPU.ActiveCfg = Release|Any CPU
		{BFEA7F05-6EB7-467F-B0C5-074C7FF7E591}.Release|Any CPU.Build.0 = Release|Any CPU
	EndGlobalSection
	GlobalSection(SolutionProperties) = preSolution
		HideSolutionNode = FALSE
	EndGlobalSection
	GlobalSection(ExtensibilityGlobals) = postSolution
		SolutionGuid = {6EB8B015-9F97-45BB-9BC2-B917AEBEAE41}
	EndGlobalSection
EndGlobal
